
Microsoft Visual Studio Solution File, Format Version 12.00
# Visual Studio Version 17
VisualStudioVersion = 17.9.34622.214
MinimumVisualStudioVersion = 10.0.40219.1
Project("{FAE04EC0-301F-11D3-BF4B-00C04F79EFBC}") = "Expense_Tracker", "Expense_Tracker\Expense_Tracker.csproj", "{BC1D2A78-8CDF-49CE-8EDF-A2C8DC063607}"
EndProject
Global
	GlobalSection(SolutionConfigurationPlatforms) = preSolution
		Debug|Any CPU = Debug|Any CPU
		Release|Any CPU = Release|Any CPU
	EndGlobalSection
	GlobalSection(ProjectConfigurationPlatforms) = postSolution
		{BC1D2A78-8CDF-49CE-8EDF-A2C8DC063607}.Debug|Any CPU.ActiveCfg = Debug|Any CPU
		{BC1D2A78-8CDF-49CE-8EDF-A2C8DC063607}.Debug|Any CPU.Build.0 = Debug|Any CPU
		{BC1D2A78-8CDF-49CE-8EDF-A2C8DC063607}.Release|Any CPU.ActiveCfg = Release|Any CPU
		{BC1D2A78-8CDF-49CE-8EDF-A2C8DC063607}.Release|Any CPU.Build.0 = Release|Any CPU
	EndGlobalSection
	GlobalSection(SolutionProperties) = preSolution
		HideSolutionNode = FALSE
	EndGlobalSection
	GlobalSection(ExtensibilityGlobals) = postSolution
		SolutionGuid = {EF5FDD2B-0F5F-46FC-983B-D39BB8B30D91}
	EndGlobalSection
EndGlobal
